{
  "name": "codekit-project",
  "version": "1.0.0",
  "lockfileVersion": 1,
  "requires": true,
  "dependencies": {
    "autosize": {
      "version": "4.0.2",
      "resolved": "https://registry.npmjs.org/autosize/-/autosize-4.0.2.tgz",
      "integrity": "sha512-jnSyH2d+qdfPGpWlcuhGiHmqBJ6g3X+8T+iRwFrHPLVcdoGJE/x6Qicm6aDHfTsbgZKxyV8UU/YB2p4cjKDRRA=="
    },
    "body-scroll-lock": {
      "version": "3.0.2",
      "resolved": "https://registry.npmjs.org/body-scroll-lock/-/body-scroll-lock-3.0.2.tgz",
      "integrity": "sha512-PtItUun94iIupKry8J/h6SfRCLWZnly77KbPsTSKALmxfR282L8R0Ujkv7bydSZvLxAJS4sBJ3y/E6X8gYkGrQ=="
    },
    "jquery": {
      "version": "3.5.1",
      "resolved": "https://registry.npmjs.org/jquery/-/jquery-3.5.1.tgz",
      "integrity": "sha512-XwIBPqcMn57FxfT+Go5pzySnm4KWkT1Tv7gjrpT1srtf8Weynl6R273VJ5GjkRb51IzMp5nbaPjJXMWeju2MKg=="
    },
    "zenscroll": {
      "version": "4.0.2",
      "resolved": "https://registry.npmjs.org/zenscroll/-/zenscroll-4.0.2.tgz",
      "integrity": "sha1-6NV3TRwHOKR7z6hynzcS4t7d6yU="
    }
  }
}
